
Microsoft Visual Studio Solution File, Format Version 12.00
# Visual Studio Version 17
VisualStudioVersion = 17.14.36408.4 d17.14
MinimumVisualStudioVersion = 10.0.40219.1
Project("{FAE04EC0-301F-11D3-BF4B-00C04F79EFBC}") = "CuidarMed+", "CuidarMed+\CuidarMed+.csproj", "{4E45CF42-4A0B-45F8-B4DC-8388826C9F1A}"
EndProject
Project("{FAE04EC0-301F-11D3-BF4B-00C04F79EFBC}") = "Application", "Application\Application.csproj", "{D91CCBE9-6339-4D46-A291-FBB3A3E917A7}"
EndProject
Project("{FAE04EC0-301F-11D3-BF4B-00C04F79EFBC}") = "Domain", "Domain\Domain.csproj", "{B3496B6F-22EC-46ED-9980-AAFC6BCA6804}"
EndProject
Project("{FAE04EC0-301F-11D3-BF4B-00C04F79EFBC}") = "Infraestructure", "Infraestructure\Infraestructure.csproj", "{C7E7B405-FFBE-4FA0-AAEB-358ACBD681DB}"
EndProject
Global
	GlobalSection(SolutionConfigurationPlatforms) = preSolution
		Debug|Any CPU = Debug|Any CPU
		Release|Any CPU = Release|Any CPU
	EndGlobalSection
	GlobalSection(ProjectConfigurationPlatforms) = postSolution
		{4E45CF42-4A0B-45F8-B4DC-8388826C9F1A}.Debug|Any CPU.ActiveCfg = Debug|Any CPU
		{4E45CF42-4A0B-45F8-B4DC-8388826C9F1A}.Debug|Any CPU.Build.0 = Debug|Any CPU
		{4E45CF42-4A0B-45F8-B4DC-8388826C9F1A}.Release|Any CPU.ActiveCfg = Release|Any CPU
		{4E45CF42-4A0B-45F8-B4DC-8388826C9F1A}.Release|Any CPU.Build.0 = Release|Any CPU
		{D91CCBE9-6339-4D46-A291-FBB3A3E917A7}.Debug|Any CPU.ActiveCfg = Debug|Any CPU
		{D91CCBE9-6339-4D46-A291-FBB3A3E917A7}.Debug|Any CPU.Build.0 = Debug|Any CPU
		{D91CCBE9-6339-4D46-A291-FBB3A3E917A7}.Release|Any CPU.ActiveCfg = Release|Any CPU
		{D91CCBE9-6339-4D46-A291-FBB3A3E917A7}.Release|Any CPU.Build.0 = Release|Any CPU
		{B3496B6F-22EC-46ED-9980-AAFC6BCA6804}.Debug|Any CPU.ActiveCfg = Debug|Any CPU
		{B3496B6F-22EC-46ED-9980-AAFC6BCA6804}.Debug|Any CPU.Build.0 = Debug|Any CPU
		{B3496B6F-22EC-46ED-9980-AAFC6BCA6804}.Release|Any CPU.ActiveCfg = Release|Any CPU
		{B3496B6F-22EC-46ED-9980-AAFC6BCA6804}.Release|Any CPU.Build.0 = Release|Any CPU
		{C7E7B405-FFBE-4FA0-AAEB-358ACBD681DB}.Debug|Any CPU.ActiveCfg = Debug|Any CPU
		{C7E7B405-FFBE-4FA0-AAEB-358ACBD681DB}.Debug|Any CPU.Build.0 = Debug|Any CPU
		{C7E7B405-FFBE-4FA0-AAEB-358ACBD681DB}.Release|Any CPU.ActiveCfg = Release|Any CPU
		{C7E7B405-FFBE-4FA0-AAEB-358ACBD681DB}.Release|Any CPU.Build.0 = Release|Any CPU
	EndGlobalSection
	GlobalSection(SolutionProperties) = preSolution
		HideSolutionNode = FALSE
	EndGlobalSection
	GlobalSection(ExtensibilityGlobals) = postSolution
		SolutionGuid = {DF330B38-6EF5-47E9-B6A6-5857449C2872}
	EndGlobalSection
EndGlobal
